
Microsoft Visual Studio Solution File, Format Version 12.00
# Visual Studio 15
VisualStudioVersion = 15.0.26730.16
MinimumVisualStudioVersion = 10.0.40219.1
Project("{E24C65DC-7377-472B-9ABA-BC803B73C61A}") = "project", "F:\Users\Laird99\Documents\Visual Studio 2017\Projects\project\", "{A7C337C3-31BD-4334-B17C-3C5753F3275A}"
	ProjectSection(WebsiteProperties) = preProject
		TargetFrameworkMoniker = ".NETFramework,Version%3Dv4.6.1"
		Debug.AspNetCompiler.VirtualPath = "/localhost_49990"
		Debug.AspNetCompiler.PhysicalPath = "F:\Users\Laird99\Documents\Visual Studio 2017\Projects\project\"
		Debug.AspNetCompiler.TargetPath = "PrecompiledWeb\localhost_49990\"
		Debug.AspNetCompiler.Updateable = "true"
		Debug.AspNetCompiler.ForceOverwrite = "true"
		Debug.AspNetCompiler.FixedNames = "false"
		Debug.AspNetCompiler.Debug = "True"
		Release.AspNetCompiler.VirtualPath = "/localhost_49990"
		Release.AspNetCompiler.PhysicalPath = "F:\Users\Laird99\Documents\Visual Studio 2017\Projects\project\"
		Release.AspNetCompiler.TargetPath = "PrecompiledWeb\localhost_49990\"
		Release.AspNetCompiler.Updateable = "true"
		Release.AspNetCompiler.ForceOverwrite = "true"
		Release.AspNetCompiler.FixedNames = "false"
		Release.AspNetCompiler.Debug = "False"
		VWDPort = "49990"
		SlnRelativePath = "F:\Users\Laird99\Documents\Visual Studio 2017\Projects\project\"
		DefaultWebSiteLanguage = "Visual C#"
	EndProjectSection
EndProject
Global
	GlobalSection(SolutionConfigurationPlatforms) = preSolution
		Debug|Any CPU = Debug|Any CPU
	EndGlobalSection
	GlobalSection(ProjectConfigurationPlatforms) = postSolution
		{A7C337C3-31BD-4334-B17C-3C5753F3275A}.Debug|Any CPU.ActiveCfg = Debug|Any CPU
		{A7C337C3-31BD-4334-B17C-3C5753F3275A}.Debug|Any CPU.Build.0 = Debug|Any CPU
	EndGlobalSection
	GlobalSection(SolutionProperties) = preSolution
		HideSolutionNode = FALSE
	EndGlobalSection
	GlobalSection(ExtensibilityGlobals) = postSolution
		SolutionGuid = {03411EDE-D75D-4192-8BE6-0074B532B083}
	EndGlobalSection
EndGlobal
